
Microsoft Visual Studio Solution File, Format Version 12.00
# Visual Studio 15
VisualStudioVersion = 15.0.26430.16
MinimumVisualStudioVersion = 10.0.40219.1
Project("{FAE04EC0-301F-11D3-BF4B-00C04F79EFBC}") = "Carbon", "Carbon\Carbon.csproj", "{1E15338D-3E61-462B-9BAE-EF1086BD04C7}"
EndProject
Project("{FAE04EC0-301F-11D3-BF4B-00C04F79EFBC}") = "CarbonTests", "CarbonTests\CarbonTests.csproj", "{78CB07CC-AEFE-4460-A463-D08EBBB2B0CC}"
EndProject
Project("{FAE04EC0-301F-11D3-BF4B-00C04F79EFBC}") = "Carbon.CosmosDB", "Carbon.CosmosDb\Carbon.CosmosDB.csproj", "{02FA94E3-5559-4712-A1E4-299B059D4C9B}"
EndProject
Global
	GlobalSection(SolutionConfigurationPlatforms) = preSolution
		Debug|Any CPU = Debug|Any CPU
		Release|Any CPU = Release|Any CPU
	EndGlobalSection
	GlobalSection(ProjectConfigurationPlatforms) = postSolution
		{1E15338D-3E61-462B-9BAE-EF1086BD04C7}.Debug|Any CPU.ActiveCfg = Debug|Any CPU
		{1E15338D-3E61-462B-9BAE-EF1086BD04C7}.Debug|Any CPU.Build.0 = Debug|Any CPU
		{1E15338D-3E61-462B-9BAE-EF1086BD04C7}.Release|Any CPU.ActiveCfg = Release|Any CPU
		{1E15338D-3E61-462B-9BAE-EF1086BD04C7}.Release|Any CPU.Build.0 = Release|Any CPU
		{78CB07CC-AEFE-4460-A463-D08EBBB2B0CC}.Debug|Any CPU.ActiveCfg = Debug|Any CPU
		{78CB07CC-AEFE-4460-A463-D08EBBB2B0CC}.Debug|Any CPU.Build.0 = Debug|Any CPU
		{78CB07CC-AEFE-4460-A463-D08EBBB2B0CC}.Release|Any CPU.ActiveCfg = Release|Any CPU
		{78CB07CC-AEFE-4460-A463-D08EBBB2B0CC}.Release|Any CPU.Build.0 = Release|Any CPU
		{02FA94E3-5559-4712-A1E4-299B059D4C9B}.Debug|Any CPU.ActiveCfg = Debug|Any CPU
		{02FA94E3-5559-4712-A1E4-299B059D4C9B}.Debug|Any CPU.Build.0 = Debug|Any CPU
		{02FA94E3-5559-4712-A1E4-299B059D4C9B}.Release|Any CPU.ActiveCfg = Release|Any CPU
		{02FA94E3-5559-4712-A1E4-299B059D4C9B}.Release|Any CPU.Build.0 = Release|Any CPU
	EndGlobalSection
	GlobalSection(SolutionProperties) = preSolution
		HideSolutionNode = FALSE
	EndGlobalSection
EndGlobal
